
Microsoft Visual Studio Solution File, Format Version 12.00
# Visual Studio Version 17
VisualStudioVersion = 17.8.34330.188
MinimumVisualStudioVersion = 10.0.40219.1
Project("{9A19103F-16F7-4668-BE54-9A1E7A4F7556}") = "DAL", "dal\DAL.csproj", "{7339C51E-D29B-4100-8C56-931BEDE93D99}"
EndProject
Project("{9A19103F-16F7-4668-BE54-9A1E7A4F7556}") = "BLL", "bll\BLL.csproj", "{DEACC499-46E2-4D10-AF36-4FD85688D63F}"
EndProject
Project("{9A19103F-16F7-4668-BE54-9A1E7A4F7556}") = "WEBAPI", "webApi\WEBAPI.csproj", "{C7D70216-9829-44C3-BBEF-99FC829B13EB}"
EndProject
Global
	GlobalSection(SolutionConfigurationPlatforms) = preSolution
		Debug|Any CPU = Debug|Any CPU
		Release|Any CPU = Release|Any CPU
	EndGlobalSection
	GlobalSection(ProjectConfigurationPlatforms) = postSolution
		{7339C51E-D29B-4100-8C56-931BEDE93D99}.Debug|Any CPU.ActiveCfg = Debug|Any CPU
		{7339C51E-D29B-4100-8C56-931BEDE93D99}.Debug|Any CPU.Build.0 = Debug|Any CPU
		{7339C51E-D29B-4100-8C56-931BEDE93D99}.Release|Any CPU.ActiveCfg = Release|Any CPU
		{7339C51E-D29B-4100-8C56-931BEDE93D99}.Release|Any CPU.Build.0 = Release|Any CPU
		{DEACC499-46E2-4D10-AF36-4FD85688D63F}.Debug|Any CPU.ActiveCfg = Debug|Any CPU
		{DEACC499-46E2-4D10-AF36-4FD85688D63F}.Debug|Any CPU.Build.0 = Debug|Any CPU
		{DEACC499-46E2-4D10-AF36-4FD85688D63F}.Release|Any CPU.ActiveCfg = Release|Any CPU
		{DEACC499-46E2-4D10-AF36-4FD85688D63F}.Release|Any CPU.Build.0 = Release|Any CPU
		{C7D70216-9829-44C3-BBEF-99FC829B13EB}.Debug|Any CPU.ActiveCfg = Debug|Any CPU
		{C7D70216-9829-44C3-BBEF-99FC829B13EB}.Debug|Any CPU.Build.0 = Debug|Any CPU
		{C7D70216-9829-44C3-BBEF-99FC829B13EB}.Release|Any CPU.ActiveCfg = Release|Any CPU
		{C7D70216-9829-44C3-BBEF-99FC829B13EB}.Release|Any CPU.Build.0 = Release|Any CPU
	EndGlobalSection
	GlobalSection(SolutionProperties) = preSolution
		HideSolutionNode = FALSE
	EndGlobalSection
	GlobalSection(ExtensibilityGlobals) = postSolution
		SolutionGuid = {B6D13080-E4C0-498C-B3EE-3F8248C32C0D}
	EndGlobalSection
EndGlobal
